
Microsoft Visual Studio Solution File, Format Version 12.00
# Visual Studio Version 16
VisualStudioVersion = 16.0.29215.179
MinimumVisualStudioVersion = 10.0.40219.1
Project("{FAE04EC0-301F-11D3-BF4B-00C04F79EFBC}") = "CovarianciaContravariancia", "CovarianciaContravariancia\CovarianciaContravariancia.csproj", "{1BB1A6E4-6010-4848-A765-3D2D14466C6F}"
EndProject
Project("{FAE04EC0-301F-11D3-BF4B-00C04F79EFBC}") = "MeusTestes", "MeusTestes\MeusTestes.csproj", "{BA1753E3-7AB6-4165-96A4-21D38DF829BE}"
EndProject
Project("{FAE04EC0-301F-11D3-BF4B-00C04F79EFBC}") = "Delegates", "Delegates\Delegates.csproj", "{16CA59BB-F97B-4C1C-AA6C-BA2CF1325A80}"
EndProject
Global
	GlobalSection(SolutionConfigurationPlatforms) = preSolution
		Debug|Any CPU = Debug|Any CPU
		Release|Any CPU = Release|Any CPU
	EndGlobalSection
	GlobalSection(ProjectConfigurationPlatforms) = postSolution
		{1BB1A6E4-6010-4848-A765-3D2D14466C6F}.Debug|Any CPU.ActiveCfg = Debug|Any CPU
		{1BB1A6E4-6010-4848-A765-3D2D14466C6F}.Debug|Any CPU.Build.0 = Debug|Any CPU
		{1BB1A6E4-6010-4848-A765-3D2D14466C6F}.Release|Any CPU.ActiveCfg = Release|Any CPU
		{1BB1A6E4-6010-4848-A765-3D2D14466C6F}.Release|Any CPU.Build.0 = Release|Any CPU
		{BA1753E3-7AB6-4165-96A4-21D38DF829BE}.Debug|Any CPU.ActiveCfg = Debug|Any CPU
		{BA1753E3-7AB6-4165-96A4-21D38DF829BE}.Debug|Any CPU.Build.0 = Debug|Any CPU
		{BA1753E3-7AB6-4165-96A4-21D38DF829BE}.Release|Any CPU.ActiveCfg = Release|Any CPU
		{BA1753E3-7AB6-4165-96A4-21D38DF829BE}.Release|Any CPU.Build.0 = Release|Any CPU
		{16CA59BB-F97B-4C1C-AA6C-BA2CF1325A80}.Debug|Any CPU.ActiveCfg = Debug|Any CPU
		{16CA59BB-F97B-4C1C-AA6C-BA2CF1325A80}.Debug|Any CPU.Build.0 = Debug|Any CPU
		{16CA59BB-F97B-4C1C-AA6C-BA2CF1325A80}.Release|Any CPU.ActiveCfg = Release|Any CPU
		{16CA59BB-F97B-4C1C-AA6C-BA2CF1325A80}.Release|Any CPU.Build.0 = Release|Any CPU
	EndGlobalSection
	GlobalSection(SolutionProperties) = preSolution
		HideSolutionNode = FALSE
	EndGlobalSection
	GlobalSection(ExtensibilityGlobals) = postSolution
		SolutionGuid = {E44097A5-72B6-43F3-94F1-573043595E1F}
	EndGlobalSection
EndGlobal
